{
  "name": "linmas",
  "version": "0.1.6",
  "lockfileVersion": 3,
  "requires": true,
  "packages": {
    "": {
      "name": "linmas",
      "version": "0.1.6",
      "license": "Apache-2.0",
      "bin": {
        "linmas": "bin/linmas.mjs"
      },
      "engines": {
        "node": ">=24"
      }
    }
  }
}
